
Microsoft Visual Studio Solution File, Format Version 12.00
# Visual Studio Version 17
VisualStudioVersion = 17.2.32630.192
MinimumVisualStudioVersion = 10.0.40219.1
Project("{FAE04EC0-301F-11D3-BF4B-00C04F79EFBC}") = "TodoApp", "TodoApp\TodoApp.csproj", "{68DD9D90-DB68-40AB-82A7-42866F6FE22C}"
EndProject
Global
	GlobalSection(SolutionConfigurationPlatforms) = preSolution
		Debug|Any CPU = Debug|Any CPU
		Release|Any CPU = Release|Any CPU
	EndGlobalSection
	GlobalSection(ProjectConfigurationPlatforms) = postSolution
		{68DD9D90-DB68-40AB-82A7-42866F6FE22C}.Debug|Any CPU.ActiveCfg = Debug|Any CPU
		{68DD9D90-DB68-40AB-82A7-42866F6FE22C}.Debug|Any CPU.Build.0 = Debug|Any CPU
		{68DD9D90-DB68-40AB-82A7-42866F6FE22C}.Release|Any CPU.ActiveCfg = Release|Any CPU
		{68DD9D90-DB68-40AB-82A7-42866F6FE22C}.Release|Any CPU.Build.0 = Release|Any CPU
	EndGlobalSection
	GlobalSection(SolutionProperties) = preSolution
		HideSolutionNode = FALSE
	EndGlobalSection
	GlobalSection(ExtensibilityGlobals) = postSolution
		SolutionGuid = {3EE27D35-4E26-4282-8332-22144334EA8C}
	EndGlobalSection
EndGlobal
